
Microsoft Visual Studio Solution File, Format Version 12.00
# Visual Studio Version 17
VisualStudioVersion = 17.4.33213.308
MinimumVisualStudioVersion = 10.0.40219.1
Project("{FAE04EC0-301F-11D3-BF4B-00C04F79EFBC}") = "D15_Elements", "D15_Elements.csproj", "{33E9B74E-5163-492C-AE66-A50BFDBAD341}"
EndProject
Global
	GlobalSection(SolutionConfigurationPlatforms) = preSolution
		Debug|Any CPU = Debug|Any CPU
		Release|Any CPU = Release|Any CPU
	EndGlobalSection
	GlobalSection(ProjectConfigurationPlatforms) = postSolution
		{33E9B74E-5163-492C-AE66-A50BFDBAD341}.Debug|Any CPU.ActiveCfg = Debug|Any CPU
		{33E9B74E-5163-492C-AE66-A50BFDBAD341}.Debug|Any CPU.Build.0 = Debug|Any CPU
		{33E9B74E-5163-492C-AE66-A50BFDBAD341}.Release|Any CPU.ActiveCfg = Release|Any CPU
		{33E9B74E-5163-492C-AE66-A50BFDBAD341}.Release|Any CPU.Build.0 = Release|Any CPU
	EndGlobalSection
	GlobalSection(SolutionProperties) = preSolution
		HideSolutionNode = FALSE
	EndGlobalSection
	GlobalSection(ExtensibilityGlobals) = postSolution
		SolutionGuid = {AB86125D-6236-4D15-8599-F067CC0171CC}
	EndGlobalSection
EndGlobal
